
Microsoft Visual Studio Solution File, Format Version 12.00
# Visual Studio Version 17
VisualStudioVersion = 17.8.34316.72
MinimumVisualStudioVersion = 10.0.40219.1
Project("{FAE04EC0-301F-11D3-BF4B-00C04F79EFBC}") = "Pulsr", "Pulsr\Pulsr.csproj", "{445B757A-CD22-4BD2-A06A-7DBF5BAE41A0}"
EndProject
Project("{FAE04EC0-301F-11D3-BF4B-00C04F79EFBC}") = "Pulsr.Tests", "Pulsr.Tests\Pulsr.Tests.csproj", "{15A52BEE-F552-4DE9-BD13-2B82821A8E83}"
EndProject
Project("{FAE04EC0-301F-11D3-BF4B-00C04F79EFBC}") = "Pulsr.Benchmarks", "Pulsr.Benchmarks\Pulsr.Benchmarks.csproj", "{4EA591D9-8E25-41F4-B910-F518693CE733}"
EndProject
Global
	GlobalSection(SolutionConfigurationPlatforms) = preSolution
		Debug|Any CPU = Debug|Any CPU
		Release|Any CPU = Release|Any CPU
	EndGlobalSection
	GlobalSection(ProjectConfigurationPlatforms) = postSolution
		{445B757A-CD22-4BD2-A06A-7DBF5BAE41A0}.Debug|Any CPU.ActiveCfg = Debug|Any CPU
		{445B757A-CD22-4BD2-A06A-7DBF5BAE41A0}.Debug|Any CPU.Build.0 = Debug|Any CPU
		{445B757A-CD22-4BD2-A06A-7DBF5BAE41A0}.Release|Any CPU.ActiveCfg = Release|Any CPU
		{445B757A-CD22-4BD2-A06A-7DBF5BAE41A0}.Release|Any CPU.Build.0 = Release|Any CPU
		{15A52BEE-F552-4DE9-BD13-2B82821A8E83}.Debug|Any CPU.ActiveCfg = Debug|Any CPU
		{15A52BEE-F552-4DE9-BD13-2B82821A8E83}.Debug|Any CPU.Build.0 = Debug|Any CPU
		{15A52BEE-F552-4DE9-BD13-2B82821A8E83}.Release|Any CPU.ActiveCfg = Release|Any CPU
		{15A52BEE-F552-4DE9-BD13-2B82821A8E83}.Release|Any CPU.Build.0 = Release|Any CPU
		{4EA591D9-8E25-41F4-B910-F518693CE733}.Debug|Any CPU.ActiveCfg = Debug|Any CPU
		{4EA591D9-8E25-41F4-B910-F518693CE733}.Debug|Any CPU.Build.0 = Debug|Any CPU
		{4EA591D9-8E25-41F4-B910-F518693CE733}.Release|Any CPU.ActiveCfg = Release|Any CPU
		{4EA591D9-8E25-41F4-B910-F518693CE733}.Release|Any CPU.Build.0 = Release|Any CPU
	EndGlobalSection
	GlobalSection(SolutionProperties) = preSolution
		HideSolutionNode = FALSE
	EndGlobalSection
	GlobalSection(ExtensibilityGlobals) = postSolution
		SolutionGuid = {613A8D84-4962-4879-AC42-550EA2243C94}
	EndGlobalSection
EndGlobal
